
Microsoft Visual Studio Solution File, Format Version 12.00
# Visual Studio Version 16
VisualStudioVersion = 25.0.1705.0
MinimumVisualStudioVersion = 10.0.40219.1
Project("{FAE04EC0-301F-11D3-BF4B-00C04F79EFBC}") = "selenium_scrape", "selenium_scrape\selenium_scrape.csproj", "{A8A90D8B-1643-47CA-B6F1-07AA726C2020}"
EndProject
Global
	GlobalSection(SolutionConfigurationPlatforms) = preSolution
		Debug|Any CPU = Debug|Any CPU
		Release|Any CPU = Release|Any CPU
	EndGlobalSection
	GlobalSection(ProjectConfigurationPlatforms) = postSolution
		{A8A90D8B-1643-47CA-B6F1-07AA726C2020}.Debug|Any CPU.ActiveCfg = Debug|Any CPU
		{A8A90D8B-1643-47CA-B6F1-07AA726C2020}.Debug|Any CPU.Build.0 = Debug|Any CPU
		{A8A90D8B-1643-47CA-B6F1-07AA726C2020}.Release|Any CPU.ActiveCfg = Release|Any CPU
		{A8A90D8B-1643-47CA-B6F1-07AA726C2020}.Release|Any CPU.Build.0 = Release|Any CPU
	EndGlobalSection
	GlobalSection(SolutionProperties) = preSolution
		HideSolutionNode = FALSE
	EndGlobalSection
	GlobalSection(ExtensibilityGlobals) = postSolution
		SolutionGuid = {869828B5-2E74-4485-BDA6-0118F54D9FF8}
	EndGlobalSection
EndGlobal
